version: v0.143.1
dependencies:
- name: cert-manager
  repository: https://charts.jetstack.io
  version: v1.8.0
- name: kubernetes-dashboard
  repository: https://kubernetes.github.io/dashboard/
  version: 5.11.0
- name: metallb
  repository: https://metallb.github.io/metallb
  version: 0.13.7
- name: rook-ceph
  repository: https://charts.rook.io/release
  version: v1.10.5
- name: traefik
  repository: https://helm.traefik.io/traefik
  version: 19.0.3
- name: whoami
  repository: https://cowboysysop.github.io/charts/
  version: 2.7.0
digest: sha256:5ff4ec3915f7b09faa7844859f3c5b31520f2066b3bdea058da2457cf43cf822
generated: "2022-11-06T21:36:42.449187686-08:00"
